
Microsoft Visual Studio Solution File, Format Version 12.00
# Visual Studio Version 16
VisualStudioVersion = 16.0.29424.173
MinimumVisualStudioVersion = 10.0.40219.1
Project("{9A19103F-16F7-4668-BE54-9A1E7A4F7556}") = "YouTube.API", "YouTube.API\YouTube.API.csproj", "{F7E1AD03-B67C-4C79-BE84-682490ED05C5}"
EndProject
Project("{FAE04EC0-301F-11D3-BF4B-00C04F79EFBC}") = "YouTube.API.Test", "YouTube.API.Test\YouTube.API.Test.csproj", "{D5E35A2A-03CA-4A5B-9F12-80E078356340}"
EndProject
Global
	GlobalSection(SolutionConfigurationPlatforms) = preSolution
		Debug|Any CPU = Debug|Any CPU
		Release|Any CPU = Release|Any CPU
	EndGlobalSection
	GlobalSection(ProjectConfigurationPlatforms) = postSolution
		{F7E1AD03-B67C-4C79-BE84-682490ED05C5}.Debug|Any CPU.ActiveCfg = Debug|Any CPU
		{F7E1AD03-B67C-4C79-BE84-682490ED05C5}.Debug|Any CPU.Build.0 = Debug|Any CPU
		{F7E1AD03-B67C-4C79-BE84-682490ED05C5}.Release|Any CPU.ActiveCfg = Release|Any CPU
		{F7E1AD03-B67C-4C79-BE84-682490ED05C5}.Release|Any CPU.Build.0 = Release|Any CPU
		{D5E35A2A-03CA-4A5B-9F12-80E078356340}.Debug|Any CPU.ActiveCfg = Debug|Any CPU
		{D5E35A2A-03CA-4A5B-9F12-80E078356340}.Debug|Any CPU.Build.0 = Debug|Any CPU
		{D5E35A2A-03CA-4A5B-9F12-80E078356340}.Release|Any CPU.ActiveCfg = Release|Any CPU
		{D5E35A2A-03CA-4A5B-9F12-80E078356340}.Release|Any CPU.Build.0 = Release|Any CPU
	EndGlobalSection
	GlobalSection(SolutionProperties) = preSolution
		HideSolutionNode = FALSE
	EndGlobalSection
	GlobalSection(ExtensibilityGlobals) = postSolution
		SolutionGuid = {CD40D1C9-553A-4E06-965A-A9ACC91EED25}
	EndGlobalSection
EndGlobal
