
Microsoft Visual Studio Solution File, Format Version 12.00
# Visual Studio Version 16
VisualStudioVersion = 16.0.29424.173
MinimumVisualStudioVersion = 10.0.40219.1
Project("{FAE04EC0-301F-11D3-BF4B-00C04F79EFBC}") = "YouTubeScraper", "YouTubeScraper\YouTubeScraper.csproj", "{F7E1AD03-B67C-4C79-BE84-682490ED05C5}"
EndProject
Global
	GlobalSection(SolutionConfigurationPlatforms) = preSolution
		Debug|Any CPU = Debug|Any CPU
		Release|Any CPU = Release|Any CPU
	EndGlobalSection
	GlobalSection(ProjectConfigurationPlatforms) = postSolution
		{F7E1AD03-B67C-4C79-BE84-682490ED05C5}.Debug|Any CPU.ActiveCfg = Debug|Any CPU
		{F7E1AD03-B67C-4C79-BE84-682490ED05C5}.Debug|Any CPU.Build.0 = Debug|Any CPU
		{F7E1AD03-B67C-4C79-BE84-682490ED05C5}.Release|Any CPU.ActiveCfg = Release|Any CPU
		{F7E1AD03-B67C-4C79-BE84-682490ED05C5}.Release|Any CPU.Build.0 = Release|Any CPU
	EndGlobalSection
	GlobalSection(SolutionProperties) = preSolution
		HideSolutionNode = FALSE
	EndGlobalSection
	GlobalSection(ExtensibilityGlobals) = postSolution
		SolutionGuid = {CD40D1C9-553A-4E06-965A-A9ACC91EED25}
	EndGlobalSection
EndGlobal
